
Microsoft Visual Studio Solution File, Format Version 12.00
# Visual Studio Version 16
VisualStudioVersion = 16.0.29806.167
MinimumVisualStudioVersion = 10.0.40219.1
Project("{9A19103F-16F7-4668-BE54-9A1E7A4F7556}") = "Monster", "Monster\Monster.csproj", "{43AD5E25-D99C-4813-AC3E-B52F69FDEDAD}"
	ProjectSection(ProjectDependencies) = postProject
		{CE1C10CC-5DAC-4A79-827C-EEBB559F24E3} = {CE1C10CC-5DAC-4A79-827C-EEBB559F24E3}
	EndProjectSection
EndProject
Project("{9A19103F-16F7-4668-BE54-9A1E7A4F7556}") = "Library", "Library\Library.csproj", "{CE1C10CC-5DAC-4A79-827C-EEBB559F24E3}"
EndProject
Project("{FAE04EC0-301F-11D3-BF4B-00C04F79EFBC}") = "Bonkers", "Bonkers\Bonkers.csproj", "{5694739D-1601-4688-8FE0-5CDC3C6594EF}"
	ProjectSection(ProjectDependencies) = postProject
		{CE1C10CC-5DAC-4A79-827C-EEBB559F24E3} = {CE1C10CC-5DAC-4A79-827C-EEBB559F24E3}
	EndProjectSection
EndProject
Global
	GlobalSection(SolutionConfigurationPlatforms) = preSolution
		Debug|Any CPU = Debug|Any CPU
		Release|Any CPU = Release|Any CPU
	EndGlobalSection
	GlobalSection(ProjectConfigurationPlatforms) = postSolution
		{43AD5E25-D99C-4813-AC3E-B52F69FDEDAD}.Debug|Any CPU.ActiveCfg = Debug|Any CPU
		{43AD5E25-D99C-4813-AC3E-B52F69FDEDAD}.Debug|Any CPU.Build.0 = Debug|Any CPU
		{43AD5E25-D99C-4813-AC3E-B52F69FDEDAD}.Release|Any CPU.ActiveCfg = Release|Any CPU
		{43AD5E25-D99C-4813-AC3E-B52F69FDEDAD}.Release|Any CPU.Build.0 = Release|Any CPU
		{CE1C10CC-5DAC-4A79-827C-EEBB559F24E3}.Debug|Any CPU.ActiveCfg = Debug|Any CPU
		{CE1C10CC-5DAC-4A79-827C-EEBB559F24E3}.Debug|Any CPU.Build.0 = Debug|Any CPU
		{CE1C10CC-5DAC-4A79-827C-EEBB559F24E3}.Release|Any CPU.ActiveCfg = Release|Any CPU
		{CE1C10CC-5DAC-4A79-827C-EEBB559F24E3}.Release|Any CPU.Build.0 = Release|Any CPU
		{5694739D-1601-4688-8FE0-5CDC3C6594EF}.Debug|Any CPU.ActiveCfg = Debug|Any CPU
		{5694739D-1601-4688-8FE0-5CDC3C6594EF}.Debug|Any CPU.Build.0 = Debug|Any CPU
		{5694739D-1601-4688-8FE0-5CDC3C6594EF}.Release|Any CPU.ActiveCfg = Release|Any CPU
		{5694739D-1601-4688-8FE0-5CDC3C6594EF}.Release|Any CPU.Build.0 = Release|Any CPU
	EndGlobalSection
	GlobalSection(SolutionProperties) = preSolution
		HideSolutionNode = FALSE
	EndGlobalSection
	GlobalSection(ExtensibilityGlobals) = postSolution
		SolutionGuid = {EE3D0500-0E7B-48C5-9EBB-B040AC70C499}
	EndGlobalSection
EndGlobal
